<Solution>
  <Project Path="zCoach.Entities.ThaiNH/zCoach.Entities.ThaiNH.csproj" />
  <Project Path="zCoach.Repositories.ThaiNH/zCoach.Repositories.ThaiNH.csproj" />
  <Project Path="zCoach.Services.ThaiNH/zCoach.Services.ThaiNH.csproj" />
  <Project Path="zCoach.MVCWebApp.ThaiNH/zCoach.MVCWebApp.ThaiNH.csproj" />
</Solution>
